
Microsoft Visual Studio Solution File, Format Version 11.00
# Visual Studio 2010
Project("{FAE04EC0-301F-11D3-BF4B-00C04F79EFBC}") = "XNode", "XNode.csproj", "{e1abccb9-32fb-584c-8b19-953c516596ac}"
EndProject
Project("{FAE04EC0-301F-11D3-BF4B-00C04F79EFBC}") = "XNodeEditor", "XNodeEditor.csproj", "{edf5c90b-1506-440b-3c69-34c64c995be8}"
EndProject
Project("{FAE04EC0-301F-11D3-BF4B-00C04F79EFBC}") = "Assembly-CSharp", "Assembly-CSharp.csproj", "{a11129fc-10ef-356c-39c9-fd54b641542a}"
EndProject
Global
	GlobalSection(SolutionConfigurationPlatforms) = preSolution
		Debug|Any CPU = Debug|Any CPU
	EndGlobalSection
	GlobalSection(ProjectConfigurationPlatforms) = postSolution
		{e1abccb9-32fb-584c-8b19-953c516596ac}.Debug|Any CPU.ActiveCfg = Debug|Any CPU
		{e1abccb9-32fb-584c-8b19-953c516596ac}.Debug|Any CPU.Build.0 = Debug|Any CPU
		{edf5c90b-1506-440b-3c69-34c64c995be8}.Debug|Any CPU.ActiveCfg = Debug|Any CPU
		{edf5c90b-1506-440b-3c69-34c64c995be8}.Debug|Any CPU.Build.0 = Debug|Any CPU
		{a11129fc-10ef-356c-39c9-fd54b641542a}.Debug|Any CPU.ActiveCfg = Debug|Any CPU
		{a11129fc-10ef-356c-39c9-fd54b641542a}.Debug|Any CPU.Build.0 = Debug|Any CPU
	EndGlobalSection
	GlobalSection(SolutionProperties) = preSolution
		HideSolutionNode = FALSE
	EndGlobalSection
EndGlobal
